
Microsoft Visual Studio Solution File, Format Version 12.00
# Visual Studio Version 17
VisualStudioVersion = 17.13.35919.96
MinimumVisualStudioVersion = 10.0.40219.1
Project("{2150E333-8FDC-42A3-9474-1A3956D46DE8}") = "Domain", "Domain", "{02EA681E-C7D8-13C7-8484-4AC65E1B71E8}"
EndProject
Project("{2150E333-8FDC-42A3-9474-1A3956D46DE8}") = "Application", "Application", "{24AF641E-2A42-4EEC-B4D5-EABC065788BF}"
EndProject
Project("{2150E333-8FDC-42A3-9474-1A3956D46DE8}") = "Infrastructure", "Infrastructure", "{916B079A-B7F2-47FB-9889-71287D12088A}"
EndProject
Project("{2150E333-8FDC-42A3-9474-1A3956D46DE8}") = "src", "src", "{6A48067B-81A9-4574-81B0-EBAA32916E29}"
EndProject
Project("{FAE04EC0-301F-11D3-BF4B-00C04F79EFBC}") = "GymSelf.API", "GymSelf.API\GymSelf.API.csproj", "{792DAD2C-805C-4AEB-8E53-5EA64D445FFA}"
EndProject
Project("{FAE04EC0-301F-11D3-BF4B-00C04F79EFBC}") = "GymSelf.Domain", "GymSelf.Domain\GymSelf.Domain.csproj", "{F52A3C4B-B32C-43C9-B0D1-2AF12B7C52CB}"
EndProject
Project("{FAE04EC0-301F-11D3-BF4B-00C04F79EFBC}") = "GymSelf.Commands", "GymSelf.Commands\GymSelf.Commands.csproj", "{B9C1F0D7-7F50-49E0-9C14-A94BCB503C1A}"
EndProject
Project("{FAE04EC0-301F-11D3-BF4B-00C04F79EFBC}") = "GymSelf.Queries", "GymSelf.Queries\GymSelf.Queries.csproj", "{647F3596-871A-4BFD-8684-856489182248}"
EndProject
Project("{FAE04EC0-301F-11D3-BF4B-00C04F79EFBC}") = "GymSelf.Data", "GymSelf.Data\GymSelf.Data.csproj", "{D29D86D9-D494-4134-9AE1-EB2A1CA8BA8F}"
EndProject
Project("{2150E333-8FDC-42A3-9474-1A3956D46DE8}") = "tests", "tests", "{485521CF-D2BE-4AF8-BF06-A52F74B878C4}"
EndProject
Project("{FAE04EC0-301F-11D3-BF4B-00C04F79EFBC}") = "GymSelf.UnitTests", "..\tests\GymSelf.UnitTests\GymSelf.UnitTests.csproj", "{B028F8AC-7CA4-4A43-9125-B27B61492BBB}"
EndProject
Project("{FAE04EC0-301F-11D3-BF4B-00C04F79EFBC}") = "GymSelf.IntegrationTests", "..\tests\GymSelf.IntegrationTests\GymSelf.IntegrationTests.csproj", "{695E9FAE-FA4D-458C-9B3D-1AC2648B1208}"
EndProject
Global
	GlobalSection(SolutionConfigurationPlatforms) = preSolution
		Debug|Any CPU = Debug|Any CPU
		Release|Any CPU = Release|Any CPU
	EndGlobalSection
	GlobalSection(ProjectConfigurationPlatforms) = postSolution
		{792DAD2C-805C-4AEB-8E53-5EA64D445FFA}.Debug|Any CPU.ActiveCfg = Debug|Any CPU
		{792DAD2C-805C-4AEB-8E53-5EA64D445FFA}.Debug|Any CPU.Build.0 = Debug|Any CPU
		{792DAD2C-805C-4AEB-8E53-5EA64D445FFA}.Release|Any CPU.ActiveCfg = Release|Any CPU
		{792DAD2C-805C-4AEB-8E53-5EA64D445FFA}.Release|Any CPU.Build.0 = Release|Any CPU
		{F52A3C4B-B32C-43C9-B0D1-2AF12B7C52CB}.Debug|Any CPU.ActiveCfg = Debug|Any CPU
		{F52A3C4B-B32C-43C9-B0D1-2AF12B7C52CB}.Debug|Any CPU.Build.0 = Debug|Any CPU
		{F52A3C4B-B32C-43C9-B0D1-2AF12B7C52CB}.Release|Any CPU.ActiveCfg = Release|Any CPU
		{F52A3C4B-B32C-43C9-B0D1-2AF12B7C52CB}.Release|Any CPU.Build.0 = Release|Any CPU
		{B9C1F0D7-7F50-49E0-9C14-A94BCB503C1A}.Debug|Any CPU.ActiveCfg = Debug|Any CPU
		{B9C1F0D7-7F50-49E0-9C14-A94BCB503C1A}.Debug|Any CPU.Build.0 = Debug|Any CPU
		{B9C1F0D7-7F50-49E0-9C14-A94BCB503C1A}.Release|Any CPU.ActiveCfg = Release|Any CPU
		{B9C1F0D7-7F50-49E0-9C14-A94BCB503C1A}.Release|Any CPU.Build.0 = Release|Any CPU
		{647F3596-871A-4BFD-8684-856489182248}.Debug|Any CPU.ActiveCfg = Debug|Any CPU
		{647F3596-871A-4BFD-8684-856489182248}.Debug|Any CPU.Build.0 = Debug|Any CPU
		{647F3596-871A-4BFD-8684-856489182248}.Release|Any CPU.ActiveCfg = Release|Any CPU
		{647F3596-871A-4BFD-8684-856489182248}.Release|Any CPU.Build.0 = Release|Any CPU
		{D29D86D9-D494-4134-9AE1-EB2A1CA8BA8F}.Debug|Any CPU.ActiveCfg = Debug|Any CPU
		{D29D86D9-D494-4134-9AE1-EB2A1CA8BA8F}.Debug|Any CPU.Build.0 = Debug|Any CPU
		{D29D86D9-D494-4134-9AE1-EB2A1CA8BA8F}.Release|Any CPU.ActiveCfg = Release|Any CPU
		{D29D86D9-D494-4134-9AE1-EB2A1CA8BA8F}.Release|Any CPU.Build.0 = Release|Any CPU
		{B028F8AC-7CA4-4A43-9125-B27B61492BBB}.Debug|Any CPU.ActiveCfg = Debug|Any CPU
		{B028F8AC-7CA4-4A43-9125-B27B61492BBB}.Debug|Any CPU.Build.0 = Debug|Any CPU
		{B028F8AC-7CA4-4A43-9125-B27B61492BBB}.Release|Any CPU.ActiveCfg = Release|Any CPU
		{B028F8AC-7CA4-4A43-9125-B27B61492BBB}.Release|Any CPU.Build.0 = Release|Any CPU
		{695E9FAE-FA4D-458C-9B3D-1AC2648B1208}.Debug|Any CPU.ActiveCfg = Debug|Any CPU
		{695E9FAE-FA4D-458C-9B3D-1AC2648B1208}.Debug|Any CPU.Build.0 = Debug|Any CPU
		{695E9FAE-FA4D-458C-9B3D-1AC2648B1208}.Release|Any CPU.ActiveCfg = Release|Any CPU
		{695E9FAE-FA4D-458C-9B3D-1AC2648B1208}.Release|Any CPU.Build.0 = Release|Any CPU
	EndGlobalSection
	GlobalSection(SolutionProperties) = preSolution
		HideSolutionNode = FALSE
	EndGlobalSection
	GlobalSection(NestedProjects) = preSolution
		{02EA681E-C7D8-13C7-8484-4AC65E1B71E8} = {6A48067B-81A9-4574-81B0-EBAA32916E29}
		{24AF641E-2A42-4EEC-B4D5-EABC065788BF} = {6A48067B-81A9-4574-81B0-EBAA32916E29}
		{916B079A-B7F2-47FB-9889-71287D12088A} = {6A48067B-81A9-4574-81B0-EBAA32916E29}
		{792DAD2C-805C-4AEB-8E53-5EA64D445FFA} = {6A48067B-81A9-4574-81B0-EBAA32916E29}
		{F52A3C4B-B32C-43C9-B0D1-2AF12B7C52CB} = {02EA681E-C7D8-13C7-8484-4AC65E1B71E8}
		{B9C1F0D7-7F50-49E0-9C14-A94BCB503C1A} = {24AF641E-2A42-4EEC-B4D5-EABC065788BF}
		{647F3596-871A-4BFD-8684-856489182248} = {24AF641E-2A42-4EEC-B4D5-EABC065788BF}
		{D29D86D9-D494-4134-9AE1-EB2A1CA8BA8F} = {916B079A-B7F2-47FB-9889-71287D12088A}
		{B028F8AC-7CA4-4A43-9125-B27B61492BBB} = {485521CF-D2BE-4AF8-BF06-A52F74B878C4}
		{695E9FAE-FA4D-458C-9B3D-1AC2648B1208} = {485521CF-D2BE-4AF8-BF06-A52F74B878C4}
	EndGlobalSection
	GlobalSection(ExtensibilityGlobals) = postSolution
		SolutionGuid = {6951A9FC-ABAB-4FC5-8469-31C4C89E3B09}
	EndGlobalSection
EndGlobal
